<?xml version="1.0" encoding="UTF-8" standalone="yes" ?>
<CodeBlocks_project_file>
	<FileVersion major="1" minor="6" />
	<Project>
		<Option title="Projet15" />
		<Option pch_mode="2" />
		<Option compiler="gcc" />
		<Build>
			<Target title="Debug">
				<Option output="bin\Debug\Moteur2D" prefix_auto="1" extension_auto="1" />
				<Option object_output="obj\Debug\" />
				<Option type="1" />
				<Option compiler="gcc" />
				<Compiler>
					<Add option="-g" />
				</Compiler>
				<Linker>
					<Add library="sfml-graphics-d" />
					<Add library="sfml-window-d" />
					<Add library="sfml-system-d" />
				</Linker>
			</Target>
			<Target title="Release">
				<Option output="bin\Release\Moteur2D" prefix_auto="1" extension_auto="1" />
				<Option object_output="obj\Release\" />
				<Option type="1" />
				<Option compiler="gcc" />
				<Compiler>
					<Add option="-O2" />
				</Compiler>
				<Linker>
					<Add option="-s" />
					<Add library="sfml-graphics" />
					<Add library="sfml-window" />
					<Add library="sfml-system" />
				</Linker>
			</Target>
		</Build>
		<Compiler>
			<Add option="-Wall" />
		</Compiler>
		<Unit filename="ClassesProjet\BoucleJeu.cpp" />
		<Unit filename="ClassesProjet\BoucleJeu.h" />
		<Unit filename="ClassesProjet\Enemies\EnemiesStats.h" />
		<Unit filename="ClassesProjet\Enemies\Enemy.cpp" />
		<Unit filename="ClassesProjet\Enemies\Enemy.h" />
		<Unit filename="ClassesProjet\Enemies\ShootingEnemy.cpp" />
		<Unit filename="ClassesProjet\Enemies\ShootingEnemy.h" />
		<Unit filename="ClassesProjet\Enemies\SpawningRates.h" />
		<Unit filename="ClassesProjet\GameInterface.cpp" />
		<Unit filename="ClassesProjet\GameInterface.h" />
		<Unit filename="ClassesProjet\LoadingSpaceLevel.cpp" />
		<Unit filename="ClassesProjet\LoadingSpaceLevel.h" />
		<Unit filename="ClassesProjet\MainDimensions.h" />
		<Unit filename="ClassesProjet\Moteur2D.h" />
		<Unit filename="ClassesProjet\PlayerShip.cpp" />
		<Unit filename="ClassesProjet\PlayerShip.h" />
		<Unit filename="ClassesProjet\SpaceLevel.cpp" />
		<Unit filename="ClassesProjet\SpaceLevel.h" />
		<Unit filename="ClassesProjet\SpaceStats.h" />
		<Unit filename="ClassesProjet\Weaponry\Bullet.cpp" />
		<Unit filename="ClassesProjet\Weaponry\Bullet.h" />
		<Unit filename="ClassesProjet\Weaponry\HurtableEntity.h" />
		<Unit filename="ClassesProjet\Weaponry\Weapon.cpp" />
		<Unit filename="ClassesProjet\Weaponry\Weapon.h" />
		<Unit filename="Moteur2D\BossClass.cpp" />
		<Unit filename="Moteur2D\BossClass.h" />
		<Unit filename="Moteur2D\Entries\Alea.h" />
		<Unit filename="Moteur2D\Entries\InputsArray.cpp" />
		<Unit filename="Moteur2D\Entries\InputsArray.h" />
		<Unit filename="Moteur2D\Game\AbsVart.h" />
		<Unit filename="Moteur2D\Game\Deletable.h" />
		<Unit filename="Moteur2D\Game\Physic\Derivee.h" />
		<Unit filename="Moteur2D\Game\Physic\PhysicObject.cpp" />
		<Unit filename="Moteur2D\Game\Physic\PhysicObject.h" />
		<Unit filename="Moteur2D\Game\Physic\collisions.h" />
		<Unit filename="Moteur2D\Game\Updatable.h" />
		<Unit filename="Moteur2D\Game\Vart.cpp" />
		<Unit filename="Moteur2D\Game\Vart.h" />
		<Unit filename="Moteur2D\Game\VartArray.cpp" />
		<Unit filename="Moteur2D\Game\VartArray.h" />
		<Unit filename="Moteur2D\Graphic\AbstractSprite.cpp" />
		<Unit filename="Moteur2D\Graphic\Abstractions\AbsTileArray.cpp" />
		<Unit filename="Moteur2D\Graphic\Abstractions\AbsTileArray.h" />
		<Unit filename="Moteur2D\Graphic\Abstractions\AbstractDrawable.cpp" />
		<Unit filename="Moteur2D\Graphic\Abstractions\AbstractDrawable.h" />
		<Unit filename="Moteur2D\Graphic\Abstractions\AbstractDrawer.cpp" />
		<Unit filename="Moteur2D\Graphic\Abstractions\AbstractDrawer.h" />
		<Unit filename="Moteur2D\Graphic\Abstractions\AbstractInterface.cpp" />
		<Unit filename="Moteur2D\Graphic\Abstractions\AbstractInterface.h" />
		<Unit filename="Moteur2D\Graphic\Drawable.cpp" />
		<Unit filename="Moteur2D\Graphic\Drawable.h" />
		<Unit filename="Moteur2D\Graphic\ObjectDrawer.cpp" />
		<Unit filename="Moteur2D\Graphic\ObjectDrawer.h" />
		<Unit filename="Moteur2D\Graphic\Shape.cpp" />
		<Unit filename="Moteur2D\Graphic\Shape.h" />
		<Unit filename="Moteur2D\Graphic\Sprite.cpp" />
		<Unit filename="Moteur2D\Graphic\Sprite.h" />
		<Unit filename="Moteur2D\Graphic\Text.cpp" />
		<Unit filename="Moteur2D\Graphic\Text.h" />
		<Unit filename="Moteur2D\Graphic\TileArray.cpp" />
		<Unit filename="Moteur2D\Graphic\TileArray.h" />
		<Unit filename="Moteur2D\Graphic\VoidDrawer.h" />
		<Unit filename="Moteur2D\Level.cpp" />
		<Unit filename="Moteur2D\Level.h" />
		<Unit filename="Moteur2D\StartEndBool.cpp" />
		<Unit filename="Moteur2D\StartEndBool.h" />
		<Unit filename="Moteur2D\TileArrayFormat.h" />
		<Unit filename="Moteur2D\Timer.cpp" />
		<Unit filename="Moteur2D\Timer.h" />
		<Unit filename="Moteur2D\includes.h" />
		<Unit filename="Moteur2D\ushort.h" />
		<Unit filename="SQLite\database.cpp" />
		<Unit filename="SQLite\database.hpp" />
		<Unit filename="SQLite\sqlite3.c">
			<Option compilerVar="CC" />
		</Unit>
		<Unit filename="SQLite\sqlite3.h" />
		<Unit filename="SQLite\sqlite3ext.h" />
		<Unit filename="SQLite\statement.cpp" />
		<Unit filename="SQLite\statement.hpp" />
		<Unit filename="main.cpp" />
		<Extensions>
			<code_completion />
			<debugger />
		</Extensions>
	</Project>
</CodeBlocks_project_file>
