<?xml version="1.0" encoding="UTF-8" standalone="yes" ?>
<CodeBlocks_project_file>
	<FileVersion major="1" minor="6" />
	<Project>
		<Option title="Projet15" />
		<Option pch_mode="2" />
		<Option compiler="gcc" />
		<Build>
			<Target title="Debug">
				<Option output="bin\Debug\Moteur2D" prefix_auto="1" extension_auto="1" />
				<Option object_output="obj\Debug\" />
				<Option type="1" />
				<Option compiler="gcc" />
				<Compiler>
					<Add option="-g" />
				</Compiler>
				<Linker>
					<Add library="sfml-graphics-d" />
					<Add library="sfml-window-d" />
					<Add library="sfml-system-d" />
				</Linker>
			</Target>
			<Target title="Release">
				<Option output="bin\Release\Moteur2D" prefix_auto="1" extension_auto="1" />
				<Option object_output="obj\Release\" />
				<Option type="1" />
				<Option compiler="gcc" />
				<Compiler>
					<Add option="-O2" />
				</Compiler>
				<Linker>
					<Add option="-s" />
					<Add library="sfml-graphics" />
					<Add library="sfml-window" />
					<Add library="sfml-system" />
				</Linker>
			</Target>
		</Build>
		<Compiler>
			<Add option="-Wall" />
		</Compiler>
		<Unit filename="ClassesProjet\AI\AbsShooterAI.h" />
		<Unit filename="ClassesProjet\AI\AbsStraffAI.h" />
		<Unit filename="ClassesProjet\AI\PlayerControls.cpp" />
		<Unit filename="ClassesProjet\AI\PlayerControls.h" />
		<Unit filename="ClassesProjet\AI\ShooterAI.cpp" />
		<Unit filename="ClassesProjet\AI\ShooterAI.h" />
		<Unit filename="ClassesProjet\AI\StraffAI.h" />
		<Unit filename="ClassesProjet\BoucleJeu.cpp" />
		<Unit filename="ClassesProjet\BoucleJeu.h" />
		<Unit filename="ClassesProjet\BulletArray.h" />
		<Unit filename="ClassesProjet\BulletEmitter.cpp" />
		<Unit filename="ClassesProjet\BulletEmitter.h" />
		<Unit filename="ClassesProjet\Entities\Bullet.h" />
		<Unit filename="ClassesProjet\Entities\Enemy.cpp" />
		<Unit filename="ClassesProjet\Entities\Enemy.h" />
		<Unit filename="ClassesProjet\Entities\Explosion.h" />
		<Unit filename="ClassesProjet\Entities\Player.cpp" />
		<Unit filename="ClassesProjet\Entities\Player.hpp" />
		<Unit filename="ClassesProjet\Entities\Ship.cpp" />
		<Unit filename="ClassesProjet\Entities\Ship.h" />
		<Unit filename="ClassesProjet\Entities\Shooter.cpp" />
		<Unit filename="ClassesProjet\Entities\Shooter.h" />
		<Unit filename="ClassesProjet\Entities\Straffer.cpp" />
		<Unit filename="ClassesProjet\Entities\Straffer.h" />
		<Unit filename="ClassesProjet\Moteur2D.h" />
		<Unit filename="ClassesProjet\SpriteCreator.cpp" />
		<Unit filename="ClassesProjet\SpriteCreator.h" />
		<Unit filename="Moteur2D\BossClass.cpp" />
		<Unit filename="Moteur2D\BossClass.h" />
		<Unit filename="Moteur2D\Entries\Alea.h" />
		<Unit filename="Moteur2D\Entries\InputsArray.cpp" />
		<Unit filename="Moteur2D\Entries\InputsArray.h" />
		<Unit filename="Moteur2D\Game\AbsVart.h" />
		<Unit filename="Moteur2D\Game\Deletable.h" />
		<Unit filename="Moteur2D\Game\Emitter.h" />
		<Unit filename="Moteur2D\Game\Physic\Derivee.h" />
		<Unit filename="Moteur2D\Game\Physic\PhysicObject.cpp" />
		<Unit filename="Moteur2D\Game\Physic\PhysicObject.h" />
		<Unit filename="Moteur2D\Game\Physic\collisions.cpp" />
		<Unit filename="Moteur2D\Game\Physic\collisions.h" />
		<Unit filename="Moteur2D\Game\Updatable.h" />
		<Unit filename="Moteur2D\Game\Vart.cpp" />
		<Unit filename="Moteur2D\Game\Vart.h" />
		<Unit filename="Moteur2D\Game\VartArray.cpp" />
		<Unit filename="Moteur2D\Game\VartArray.h" />
		<Unit filename="Moteur2D\Graphic\Abstractions\AbsTileArray.cpp" />
		<Unit filename="Moteur2D\Graphic\Abstractions\AbsTileArray.h" />
		<Unit filename="Moteur2D\Graphic\Abstractions\AbstractDrawable.cpp" />
		<Unit filename="Moteur2D\Graphic\Abstractions\AbstractDrawable.h" />
		<Unit filename="Moteur2D\Graphic\Abstractions\AbstractDrawer.cpp" />
		<Unit filename="Moteur2D\Graphic\Abstractions\AbstractDrawer.h" />
		<Unit filename="Moteur2D\Graphic\Drawable.cpp" />
		<Unit filename="Moteur2D\Graphic\Drawable.h" />
		<Unit filename="Moteur2D\Graphic\ObjectDrawer.cpp" />
		<Unit filename="Moteur2D\Graphic\ObjectDrawer.h" />
		<Unit filename="Moteur2D\Graphic\Shape.cpp" />
		<Unit filename="Moteur2D\Graphic\Shape.h" />
		<Unit filename="Moteur2D\Graphic\Sprite.cpp" />
		<Unit filename="Moteur2D\Graphic\Sprite.h" />
		<Unit filename="Moteur2D\Graphic\TileArray.cpp" />
		<Unit filename="Moteur2D\Graphic\TileArray.h" />
		<Unit filename="Moteur2D\Graphic\VoidDrawer.h" />
		<Unit filename="Moteur2D\Level.cpp" />
		<Unit filename="Moteur2D\Level.h" />
		<Unit filename="Moteur2D\TileArrayFormat.h" />
		<Unit filename="Moteur2D\Timer.cpp" />
		<Unit filename="Moteur2D\Timer.h" />
		<Unit filename="Moteur2D\includes.h" />
		<Unit filename="main.cpp" />
		<Extensions>
			<code_completion />
			<debugger />
		</Extensions>
	</Project>
</CodeBlocks_project_file>
