<?xml version="1.0" encoding="UTF-8" standalone="yes" ?>
<CodeBlocks_project_file>
	<FileVersion major="1" minor="6" />
	<Project>
		<Option title="SpaceInvaderGame" />
		<Option pch_mode="2" />
		<Option compiler="gcc" />
		<Build>
			<Target title="Debug">
				<Option output="bin/Debug/SpaceInvaderGame" prefix_auto="1" extension_auto="1" />
				<Option object_output="obj/Debug/" />
				<Option type="1" />
				<Option compiler="gcc" />
				<Compiler>
					<Add option="-g" />
					<Add directory="C:/Projets/Programmation/Bibliotheque/SFML-2.1/include" />
					<Add directory="C:/Projets/Programmation/Bibliotheque/boost_1_55_0" />
				</Compiler>
				<Linker>
					<Add library="sfml-audio-d" />
					<Add library="sfml-graphics-d" />
					<Add library="sfml-window-d" />
					<Add library="sfml-system-d" />
					<Add library="sfml-main-d" />
					<Add directory="C:/Projets/Programmation/Bibliotheque/SFML-2.1/lib" />
				</Linker>
			</Target>
			<Target title="Release">
				<Option output="bin/Release/SpaceInvaderGame" prefix_auto="1" extension_auto="1" />
				<Option object_output="obj/Release/" />
				<Option type="1" />
				<Option compiler="gcc" />
				<Compiler>
					<Add option="-O2" />
					<Add directory="C:/Projets/Programmation/Bibliotheque/SFML-2.1/include" />
					<Add directory="C:/Projets/Programmation/Bibliotheque/boost_1_55_0" />
				</Compiler>
				<Linker>
					<Add option="-s" />
					<Add library="sfml-audio" />
					<Add library="sfml-graphics" />
					<Add library="sfml-window" />
					<Add library="sfml-system" />
					<Add library="sfml-main" />
					<Add directory="C:/Projets/Programmation/Bibliotheque/SFML-2.1/lib" />
				</Linker>
			</Target>
		</Build>
		<Compiler>
			<Add option="-Wall" />
			<Add directory="C:/Projets/Programmation/Bibliotheque/SFML-2.1/include" />
			<Add directory="C:/Projets/Programmation/Bibliotheque/boost_1_55_0" />
		</Compiler>
		<Linker>
			<Add directory="C:/Projets/Programmation/Bibliotheque/SFML-2.1/lib" />
		</Linker>
		<Unit filename="ClassesProjet/BoucleJeu.cpp" />
		<Unit filename="ClassesProjet/BoucleJeu.h" />
		<Unit filename="ClassesProjet/Enemies/EnemiesStats.h" />
		<Unit filename="ClassesProjet/Enemies/Enemy.cpp" />
		<Unit filename="ClassesProjet/Enemies/Enemy.h" />
		<Unit filename="ClassesProjet/Enemies/ShootingEnemy.cpp" />
		<Unit filename="ClassesProjet/Enemies/ShootingEnemy.h" />
		<Unit filename="ClassesProjet/Enemies/SpawningRates.h" />
		<Unit filename="ClassesProjet/Levels/BasicSpaceLevel.cpp" />
		<Unit filename="ClassesProjet/Levels/BasicSpaceLevel.h" />
		<Unit filename="ClassesProjet/Levels/Battlefield.cpp" />
		<Unit filename="ClassesProjet/Levels/Battlefield.h" />
		<Unit filename="ClassesProjet/Levels/FirstScreen.cpp" />
		<Unit filename="ClassesProjet/Levels/FirstScreen.h" />
		<Unit filename="ClassesProjet/Levels/RandomSpaceLevel.cpp" />
		<Unit filename="ClassesProjet/Levels/RandomSpaceLevel.h" />
		<Unit filename="ClassesProjet/Levels/SpaceHUD.cpp" />
		<Unit filename="ClassesProjet/Levels/SpaceHUD.h" />
		<Unit filename="ClassesProjet/Levels/WaveSpaceLevel.cpp" />
		<Unit filename="ClassesProjet/Levels/WaveSpaceLevel.h" />
		<Unit filename="ClassesProjet/Levels/createEnemy.cpp" />
		<Unit filename="ClassesProjet/Levels/loadFromFile.cpp" />
		<Unit filename="ClassesProjet/Levels/loadFromFile.h" />
		<Unit filename="ClassesProjet/MainDimensions.h" />
		<Unit filename="ClassesProjet/Moteur2D.h" />
		<Unit filename="ClassesProjet/PlayerShip.cpp" />
		<Unit filename="ClassesProjet/PlayerShip.h" />
		<Unit filename="ClassesProjet/TextureList.cpp" />
		<Unit filename="ClassesProjet/TextureList.h" />
		<Unit filename="ClassesProjet/Weaponry/Bullet.cpp" />
		<Unit filename="ClassesProjet/Weaponry/Bullet.h" />
		<Unit filename="ClassesProjet/Weaponry/HurtableEntity.h" />
		<Unit filename="ClassesProjet/Weaponry/Weapon.cpp" />
		<Unit filename="ClassesProjet/Weaponry/Weapon.h" />
		<Unit filename="Moteur2D/Entries/AbstractInputsArray.cpp" />
		<Unit filename="Moteur2D/Entries/AbstractInputsArray.h" />
		<Unit filename="Moteur2D/Entries/Alea.h" />
		<Unit filename="Moteur2D/Entries/InputsArray.cpp" />
		<Unit filename="Moteur2D/Entries/InputsArray.h" />
		<Unit filename="Moteur2D/GameController.h" />
		<Unit filename="Moteur2D/Game/AbsVart.h" />
		<Unit filename="Moteur2D/Game/Deletable.h" />
		<Unit filename="Moteur2D/Game/Physic/Derivee.h" />
		<Unit filename="Moteur2D/Game/Physic/PhysicObject.cpp" />
		<Unit filename="Moteur2D/Game/Physic/PhysicObject.h" />
		<Unit filename="Moteur2D/Game/Physic/collisions.h" />
		<Unit filename="Moteur2D/Game/Updatable.h" />
		<Unit filename="Moteur2D/Game/Vart.h" />
		<Unit filename="Moteur2D/Game/VartArray.h" />
		<Unit filename="Moteur2D/Graphic/AbstractDrawable.h" />
		<Unit filename="Moteur2D/Graphic/AbstractDrawer.h" />
		<Unit filename="Moteur2D/Graphic/ObjectDrawer.cpp" />
		<Unit filename="Moteur2D/Graphic/ObjectDrawer.h" />
		<Unit filename="Moteur2D/Graphic/Text.cpp" />
		<Unit filename="Moteur2D/Graphic/Text.h" />
		<Unit filename="Moteur2D/Interfaces/AbstractGameInterface.h" />
		<Unit filename="Moteur2D/Interfaces/AbstractHUD.h" />
		<Unit filename="Moteur2D/Interfaces/AbstractLevel.h" />
		<Unit filename="Moteur2D/Interfaces/BasicArcadeLevel.h" />
		<Unit filename="Moteur2D/Interfaces/MetaInterface.h" />
		<Unit filename="Moteur2D/Interfaces/PressAnyKeyMenu.h" />
		<Unit filename="Moteur2D/StartEndBool.cpp" />
		<Unit filename="Moteur2D/StartEndBool.h" />
		<Unit filename="Moteur2D/TileArrayFormat.h" />
		<Unit filename="Moteur2D/Timer.cpp" />
		<Unit filename="Moteur2D/Timer.h" />
		<Unit filename="Moteur2D/includes.h" />
		<Unit filename="SQLite/createFromFile.cpp" />
		<Unit filename="SQLite/database.cpp" />
		<Unit filename="SQLite/database.hpp" />
		<Unit filename="SQLite/sqlite3.c">
			<Option compilerVar="CC" />
		</Unit>
		<Unit filename="SQLite/sqlite3.h" />
		<Unit filename="SQLite/sqlite3ext.h" />
		<Unit filename="SQLite/statement.cpp" />
		<Unit filename="SQLite/statement.hpp" />
		<Unit filename="main.cpp" />
		<Extensions>
			<code_completion />
			<envvars />
			<debugger />
			<lib_finder disable_auto="1" />
		</Extensions>
	</Project>
</CodeBlocks_project_file>
